
Microsoft Visual Studio Solution File, Format Version 12.00
# Visual Studio 15
VisualStudioVersion = 15.0.28010.2036
MinimumVisualStudioVersion = 10.0.40219.1
Project("{FAE04EC0-301F-11D3-BF4B-00C04F79EFBC}") = "grocerystore", "grocerystore\grocerystore.csproj", "{F8C1FF5F-5C97-4EF6-B1E7-4F2BCB3FD53D}"
EndProject
Project("{FAE04EC0-301F-11D3-BF4B-00C04F79EFBC}") = "grocerystore.Tests", "grocerystore.Tests\grocerystore.Tests.csproj", "{0201465E-5D65-45CF-BE9F-67E58093EBD0}"
EndProject
Global
	GlobalSection(SolutionConfigurationPlatforms) = preSolution
		Debug|Any CPU = Debug|Any CPU
		Release|Any CPU = Release|Any CPU
	EndGlobalSection
	GlobalSection(ProjectConfigurationPlatforms) = postSolution
		{F8C1FF5F-5C97-4EF6-B1E7-4F2BCB3FD53D}.Debug|Any CPU.ActiveCfg = Debug|Any CPU
		{F8C1FF5F-5C97-4EF6-B1E7-4F2BCB3FD53D}.Debug|Any CPU.Build.0 = Debug|Any CPU
		{F8C1FF5F-5C97-4EF6-B1E7-4F2BCB3FD53D}.Release|Any CPU.ActiveCfg = Release|Any CPU
		{F8C1FF5F-5C97-4EF6-B1E7-4F2BCB3FD53D}.Release|Any CPU.Build.0 = Release|Any CPU
		{0201465E-5D65-45CF-BE9F-67E58093EBD0}.Debug|Any CPU.ActiveCfg = Debug|Any CPU
		{0201465E-5D65-45CF-BE9F-67E58093EBD0}.Debug|Any CPU.Build.0 = Debug|Any CPU
		{0201465E-5D65-45CF-BE9F-67E58093EBD0}.Release|Any CPU.ActiveCfg = Release|Any CPU
		{0201465E-5D65-45CF-BE9F-67E58093EBD0}.Release|Any CPU.Build.0 = Release|Any CPU
	EndGlobalSection
	GlobalSection(SolutionProperties) = preSolution
		HideSolutionNode = FALSE
	EndGlobalSection
	GlobalSection(ExtensibilityGlobals) = postSolution
		SolutionGuid = {98529609-E2D6-4E87-8A6E-D1FB9AA3BE04}
	EndGlobalSection
EndGlobal
